// !$*UTF8*$!
{
	archiveVersion = 1;
	classes = {
	};
	objectVersion = 50;
	objects = {

/* Begin PBXBuildFile section */
		EA9192A324A8B0F700D8F292 /* Tests_iOS.swift in Sources */ = {isa = PBXBuildFile; fileRef = EA9192A224A8B0F700D8F292 /* Tests_iOS.swift */; };
		EA9192AE24A8B0F700D8F292 /* Tests_macOS.swift in Sources */ = {isa = PBXBuildFile; fileRef = EA9192AD24A8B0F700D8F292 /* Tests_macOS.swift */; };
		EA9192B024A8B0F700D8F292 /* MNIST_ComputeMLApp.swift in Sources */ = {isa = PBXBuildFile; fileRef = EA91928724A8B0F600D8F292 /* MNIST_ComputeMLApp.swift */; };
		EA9192B124A8B0F700D8F292 /* MNIST_ComputeMLApp.swift in Sources */ = {isa = PBXBuildFile; fileRef = EA91928724A8B0F600D8F292 /* MNIST_ComputeMLApp.swift */; };
		EA9192B224A8B0F700D8F292 /* ContentView.swift in Sources */ = {isa = PBXBuildFile; fileRef = EA91928824A8B0F600D8F292 /* ContentView.swift */; };
		EA9192B324A8B0F700D8F292 /* ContentView.swift in Sources */ = {isa = PBXBuildFile; fileRef = EA91928824A8B0F600D8F292 /* ContentView.swift */; };
		EA9192B424A8B0F700D8F292 /* Assets.xcassets in Resources */ = {isa = PBXBuildFile; fileRef = EA91928924A8B0F600D8F292 /* Assets.xcassets */; };
		EA9192B524A8B0F700D8F292 /* Assets.xcassets in Resources */ = {isa = PBXBuildFile; fileRef = EA91928924A8B0F600D8F292 /* Assets.xcassets */; };
		EA9192C524A8B28100D8F292 /* MNIST.swift in Sources */ = {isa = PBXBuildFile; fileRef = EA9192C424A8B28100D8F292 /* MNIST.swift */; };
		EA9192C624A8B28100D8F292 /* MNIST.swift in Sources */ = {isa = PBXBuildFile; fileRef = EA9192C424A8B28100D8F292 /* MNIST.swift */; };
		EA9192C824A8B35A00D8F292 /* DrawView.swift in Sources */ = {isa = PBXBuildFile; fileRef = EA9192C724A8B35A00D8F292 /* DrawView.swift */; };
		EA9192C924A8B35A00D8F292 /* DrawView.swift in Sources */ = {isa = PBXBuildFile; fileRef = EA9192C724A8B35A00D8F292 /* DrawView.swift */; };
		EA9192CC24A8B46D00D8F292 /* UIKit.framework in Frameworks */ = {isa = PBXBuildFile; fileRef = EA9192CB24A8B46D00D8F292 /* UIKit.framework */; };
		EA9192D324A8BA4100D8F292 /* mnist_train.csv in Resources */ = {isa = PBXBuildFile; fileRef = EA9192D124A8BA4100D8F292 /* mnist_train.csv */; };
		EA9192D424A8BA4100D8F292 /* mnist_test.csv in Resources */ = {isa = PBXBuildFile; fileRef = EA9192D224A8BA4100D8F292 /* mnist_test.csv */; };
		EA9192D524A8BA5300D8F292 /* mnist_train.csv in Resources */ = {isa = PBXBuildFile; fileRef = EA9192D124A8BA4100D8F292 /* mnist_train.csv */; };
		EA9192D624A8BA5600D8F292 /* mnist_test.csv in Resources */ = {isa = PBXBuildFile; fileRef = EA9192D224A8BA4100D8F292 /* mnist_test.csv */; };
/* End PBXBuildFile section */

/* Begin PBXContainerItemProxy section */
		EA91929F24A8B0F700D8F292 /* PBXContainerItemProxy */ = {
			isa = PBXContainerItemProxy;
			containerPortal = EA91928224A8B0F500D8F292 /* Project object */;
			proxyType = 1;
			remoteGlobalIDString = EA91928D24A8B0F700D8F292;
			remoteInfo = iOS;
		};
		EA9192AA24A8B0F700D8F292 /* PBXContainerItemProxy */ = {
			isa = PBXContainerItemProxy;
			containerPortal = EA91928224A8B0F500D8F292 /* Project object */;
			proxyType = 1;
			remoteGlobalIDString = EA91929524A8B0F700D8F292;
			remoteInfo = macOS;
		};
/* End PBXContainerItemProxy section */

/* Begin PBXFileReference section */
		EA91928724A8B0F600D8F292 /* MNIST_ComputeMLApp.swift */ = {isa = PBXFileReference; lastKnownFileType = sourcecode.swift; path = MNIST_ComputeMLApp.swift; sourceTree = "<group>"; };
		EA91928824A8B0F600D8F292 /* ContentView.swift */ = {isa = PBXFileReference; lastKnownFileType = sourcecode.swift; path = ContentView.swift; sourceTree = "<group>"; };
		EA91928924A8B0F600D8F292 /* Assets.xcassets */ = {isa = PBXFileReference; lastKnownFileType = folder.assetcatalog; path = Assets.xcassets; sourceTree = "<group>"; };
		EA91928E24A8B0F700D8F292 /* MNIST-ComputeML.app */ = {isa = PBXFileReference; explicitFileType = wrapper.application; includeInIndex = 0; path = "MNIST-ComputeML.app"; sourceTree = BUILT_PRODUCTS_DIR; };
		EA91929124A8B0F700D8F292 /* Info.plist */ = {isa = PBXFileReference; lastKnownFileType = text.plist.xml; path = Info.plist; sourceTree = "<group>"; };
		EA91929624A8B0F700D8F292 /* MNIST-ComputeML.app */ = {isa = PBXFileReference; explicitFileType = wrapper.application; includeInIndex = 0; path = "MNIST-ComputeML.app"; sourceTree = BUILT_PRODUCTS_DIR; };
		EA91929824A8B0F700D8F292 /* Info.plist */ = {isa = PBXFileReference; lastKnownFileType = text.plist.xml; path = Info.plist; sourceTree = "<group>"; };
		EA91929924A8B0F700D8F292 /* macOS.entitlements */ = {isa = PBXFileReference; lastKnownFileType = text.plist.entitlements; path = macOS.entitlements; sourceTree = "<group>"; };
		EA91929E24A8B0F700D8F292 /* Tests iOS.xctest */ = {isa = PBXFileReference; explicitFileType = wrapper.cfbundle; includeInIndex = 0; path = "Tests iOS.xctest"; sourceTree = BUILT_PRODUCTS_DIR; };
		EA9192A224A8B0F700D8F292 /* Tests_iOS.swift */ = {isa = PBXFileReference; lastKnownFileType = sourcecode.swift; path = Tests_iOS.swift; sourceTree = "<group>"; };
		EA9192A424A8B0F700D8F292 /* Info.plist */ = {isa = PBXFileReference; lastKnownFileType = text.plist.xml; path = Info.plist; sourceTree = "<group>"; };
		EA9192A924A8B0F700D8F292 /* Tests macOS.xctest */ = {isa = PBXFileReference; explicitFileType = wrapper.cfbundle; includeInIndex = 0; path = "Tests macOS.xctest"; sourceTree = BUILT_PRODUCTS_DIR; };
		EA9192AD24A8B0F700D8F292 /* Tests_macOS.swift */ = {isa = PBXFileReference; lastKnownFileType = sourcecode.swift; path = Tests_macOS.swift; sourceTree = "<group>"; };
		EA9192AF24A8B0F700D8F292 /* Info.plist */ = {isa = PBXFileReference; lastKnownFileType = text.plist.xml; path = Info.plist; sourceTree = "<group>"; };
		EA9192C424A8B28100D8F292 /* MNIST.swift */ = {isa = PBXFileReference; fileEncoding = 4; lastKnownFileType = sourcecode.swift; path = MNIST.swift; sourceTree = "<group>"; };
		EA9192C724A8B35A00D8F292 /* DrawView.swift */ = {isa = PBXFileReference; lastKnownFileType = sourcecode.swift; path = DrawView.swift; sourceTree = "<group>"; };
		EA9192CB24A8B46D00D8F292 /* UIKit.framework */ = {isa = PBXFileReference; lastKnownFileType = wrapper.framework; name = UIKit.framework; path = Platforms/iPhoneOS.platform/Developer/SDKs/iPhoneOS14.0.sdk/System/Library/Frameworks/UIKit.framework; sourceTree = DEVELOPER_DIR; };
		EA9192CD24A8B57C00D8F292 /* MNIST-ComputeML.entitlements */ = {isa = PBXFileReference; lastKnownFileType = text.plist.entitlements; path = "MNIST-ComputeML.entitlements"; sourceTree = "<group>"; };
		EA9192D124A8BA4100D8F292 /* mnist_train.csv */ = {isa = PBXFileReference; lastKnownFileType = text; name = mnist_train.csv; path = Data/mnist_train.csv; sourceTree = "<group>"; };
		EA9192D224A8BA4100D8F292 /* mnist_test.csv */ = {isa = PBXFileReference; lastKnownFileType = text; name = mnist_test.csv; path = Data/mnist_test.csv; sourceTree = "<group>"; };
/* End PBXFileReference section */

/* Begin PBXFrameworksBuildPhase section */
		EA91928B24A8B0F700D8F292 /* Frameworks */ = {
			isa = PBXFrameworksBuildPhase;
			buildActionMask = 2147483647;
			files = (
				EA9192CC24A8B46D00D8F292 /* UIKit.framework in Frameworks */,
			);
			runOnlyForDeploymentPostprocessing = 0;
		};
		EA91929324A8B0F700D8F292 /* Frameworks */ = {
			isa = PBXFrameworksBuildPhase;
			buildActionMask = 2147483647;
			files = (
			);
			runOnlyForDeploymentPostprocessing = 0;
		};
		EA91929B24A8B0F700D8F292 /* Frameworks */ = {
			isa = PBXFrameworksBuildPhase;
			buildActionMask = 2147483647;
			files = (
			);
			runOnlyForDeploymentPostprocessing = 0;
		};
		EA9192A624A8B0F700D8F292 /* Frameworks */ = {
			isa = PBXFrameworksBuildPhase;
			buildActionMask = 2147483647;
			files = (
			);
			runOnlyForDeploymentPostprocessing = 0;
		};
/* End PBXFrameworksBuildPhase section */

/* Begin PBXGroup section */
		EA91928124A8B0F500D8F292 = {
			isa = PBXGroup;
			children = (
				EA9192D224A8BA4100D8F292 /* mnist_test.csv */,
				EA9192D124A8BA4100D8F292 /* mnist_train.csv */,
				EA91928624A8B0F600D8F292 /* Shared */,
				EA91929024A8B0F700D8F292 /* iOS */,
				EA91929724A8B0F700D8F292 /* macOS */,
				EA9192A124A8B0F700D8F292 /* Tests iOS */,
				EA9192AC24A8B0F700D8F292 /* Tests macOS */,
				EA91928F24A8B0F700D8F292 /* Products */,
				EA9192CA24A8B46C00D8F292 /* Frameworks */,
			);
			sourceTree = "<group>";
		};
		EA91928624A8B0F600D8F292 /* Shared */ = {
			isa = PBXGroup;
			children = (
				EA91928724A8B0F600D8F292 /* MNIST_ComputeMLApp.swift */,
				EA9192C424A8B28100D8F292 /* MNIST.swift */,
				EA9192C724A8B35A00D8F292 /* DrawView.swift */,
				EA91928824A8B0F600D8F292 /* ContentView.swift */,
				EA91928924A8B0F600D8F292 /* Assets.xcassets */,
			);
			path = Shared;
			sourceTree = "<group>";
		};
		EA91928F24A8B0F700D8F292 /* Products */ = {
			isa = PBXGroup;
			children = (
				EA91928E24A8B0F700D8F292 /* MNIST-ComputeML.app */,
				EA91929624A8B0F700D8F292 /* MNIST-ComputeML.app */,
				EA91929E24A8B0F700D8F292 /* Tests iOS.xctest */,
				EA9192A924A8B0F700D8F292 /* Tests macOS.xctest */,
			);
			name = Products;
			sourceTree = "<group>";
		};
		EA91929024A8B0F700D8F292 /* iOS */ = {
			isa = PBXGroup;
			children = (
				EA9192CD24A8B57C00D8F292 /* MNIST-ComputeML.entitlements */,
				EA91929124A8B0F700D8F292 /* Info.plist */,
			);
			path = iOS;
			sourceTree = "<group>";
		};
		EA91929724A8B0F700D8F292 /* macOS */ = {
			isa = PBXGroup;
			children = (
				EA91929824A8B0F700D8F292 /* Info.plist */,
				EA91929924A8B0F700D8F292 /* macOS.entitlements */,
			);
			path = macOS;
			sourceTree = "<group>";
		};
		EA9192A124A8B0F700D8F292 /* Tests iOS */ = {
			isa = PBXGroup;
			children = (
				EA9192A224A8B0F700D8F292 /* Tests_iOS.swift */,
				EA9192A424A8B0F700D8F292 /* Info.plist */,
			);
			path = "Tests iOS";
			sourceTree = "<group>";
		};
		EA9192AC24A8B0F700D8F292 /* Tests macOS */ = {
			isa = PBXGroup;
			children = (
				EA9192AD24A8B0F700D8F292 /* Tests_macOS.swift */,
				EA9192AF24A8B0F700D8F292 /* Info.plist */,
			);
			path = "Tests macOS";
			sourceTree = "<group>";
		};
		EA9192CA24A8B46C00D8F292 /* Frameworks */ = {
			isa = PBXGroup;
			children = (
				EA9192CB24A8B46D00D8F292 /* UIKit.framework */,
			);
			name = Frameworks;
			sourceTree = "<group>";
		};
/* End PBXGroup section */

/* Begin PBXNativeTarget section */
		EA91928D24A8B0F700D8F292 /* iOS */ = {
			isa = PBXNativeTarget;
			buildConfigurationList = EA9192B824A8B0F700D8F292 /* Build configuration list for PBXNativeTarget "iOS" */;
			buildPhases = (
				EA91928A24A8B0F700D8F292 /* Sources */,
				EA91928B24A8B0F700D8F292 /* Frameworks */,
				EA91928C24A8B0F700D8F292 /* Resources */,
			);
			buildRules = (
			);
			dependencies = (
			);
			name = iOS;
			productName = iOS;
			productReference = EA91928E24A8B0F700D8F292 /* MNIST-ComputeML.app */;
			productType = "com.apple.product-type.application";
		};
		EA91929524A8B0F700D8F292 /* macOS */ = {
			isa = PBXNativeTarget;
			buildConfigurationList = EA9192BB24A8B0F700D8F292 /* Build configuration list for PBXNativeTarget "macOS" */;
			buildPhases = (
				EA91929224A8B0F700D8F292 /* Sources */,
				EA91929324A8B0F700D8F292 /* Frameworks */,
				EA91929424A8B0F700D8F292 /* Resources */,
			);
			buildRules = (
			);
			dependencies = (
			);
			name = macOS;
			productName = macOS;
			productReference = EA91929624A8B0F700D8F292 /* MNIST-ComputeML.app */;
			productType = "com.apple.product-type.application";
		};
		EA91929D24A8B0F700D8F292 /* Tests iOS */ = {
			isa = PBXNativeTarget;
			buildConfigurationList = EA9192BE24A8B0F700D8F292 /* Build configuration list for PBXNativeTarget "Tests iOS" */;
			buildPhases = (
				EA91929A24A8B0F700D8F292 /* Sources */,
				EA91929B24A8B0F700D8F292 /* Frameworks */,
				EA91929C24A8B0F700D8F292 /* Resources */,
			);
			buildRules = (
			);
			dependencies = (
				EA9192A024A8B0F700D8F292 /* PBXTargetDependency */,
			);
			name = "Tests iOS";
			productName = "Tests iOS";
			productReference = EA91929E24A8B0F700D8F292 /* Tests iOS.xctest */;
			productType = "com.apple.product-type.bundle.ui-testing";
		};
		EA9192A824A8B0F700D8F292 /* Tests macOS */ = {
			isa = PBXNativeTarget;
			buildConfigurationList = EA9192C124A8B0F700D8F292 /* Build configuration list for PBXNativeTarget "Tests macOS" */;
			buildPhases = (
				EA9192A524A8B0F700D8F292 /* Sources */,
				EA9192A624A8B0F700D8F292 /* Frameworks */,
				EA9192A724A8B0F700D8F292 /* Resources */,
			);
			buildRules = (
			);
			dependencies = (
				EA9192AB24A8B0F700D8F292 /* PBXTargetDependency */,
			);
			name = "Tests macOS";
			productName = "Tests macOS";
			productReference = EA9192A924A8B0F700D8F292 /* Tests macOS.xctest */;
			productType = "com.apple.product-type.bundle.ui-testing";
		};
/* End PBXNativeTarget section */

/* Begin PBXProject section */
		EA91928224A8B0F500D8F292 /* Project object */ = {
			isa = PBXProject;
			attributes = {
				LastSwiftUpdateCheck = 1200;
				LastUpgradeCheck = 1200;
				TargetAttributes = {
					EA91928D24A8B0F700D8F292 = {
						CreatedOnToolsVersion = 12.0;
					};
					EA91929524A8B0F700D8F292 = {
						CreatedOnToolsVersion = 12.0;
					};
					EA91929D24A8B0F700D8F292 = {
						CreatedOnToolsVersion = 12.0;
						TestTargetID = EA91928D24A8B0F700D8F292;
					};
					EA9192A824A8B0F700D8F292 = {
						CreatedOnToolsVersion = 12.0;
						TestTargetID = EA91929524A8B0F700D8F292;
					};
				};
			};
			buildConfigurationList = EA91928524A8B0F500D8F292 /* Build configuration list for PBXProject "MNIST-ComputeML" */;
			compatibilityVersion = "Xcode 9.3";
			developmentRegion = en;
			hasScannedForEncodings = 0;
			knownRegions = (
				en,
				Base,
			);
			mainGroup = EA91928124A8B0F500D8F292;
			productRefGroup = EA91928F24A8B0F700D8F292 /* Products */;
			projectDirPath = "";
			projectRoot = "";
			targets = (
				EA91928D24A8B0F700D8F292 /* iOS */,
				EA91929524A8B0F700D8F292 /* macOS */,
				EA91929D24A8B0F700D8F292 /* Tests iOS */,
				EA9192A824A8B0F700D8F292 /* Tests macOS */,
			);
		};
/* End PBXProject section */

/* Begin PBXResourcesBuildPhase section */
		EA91928C24A8B0F700D8F292 /* Resources */ = {
			isa = PBXResourcesBuildPhase;
			buildActionMask = 2147483647;
			files = (
				EA9192B424A8B0F700D8F292 /* Assets.xcassets in Resources */,
				EA9192D524A8BA5300D8F292 /* mnist_train.csv in Resources */,
				EA9192D624A8BA5600D8F292 /* mnist_test.csv in Resources */,
			);
			runOnlyForDeploymentPostprocessing = 0;
		};
		EA91929424A8B0F700D8F292 /* Resources */ = {
			isa = PBXResourcesBuildPhase;
			buildActionMask = 2147483647;
			files = (
				EA9192D324A8BA4100D8F292 /* mnist_train.csv in Resources */,
				EA9192D424A8BA4100D8F292 /* mnist_test.csv in Resources */,
				EA9192B524A8B0F700D8F292 /* Assets.xcassets in Resources */,
			);
			runOnlyForDeploymentPostprocessing = 0;
		};
		EA91929C24A8B0F700D8F292 /* Resources */ = {
			isa = PBXResourcesBuildPhase;
			buildActionMask = 2147483647;
			files = (
			);
			runOnlyForDeploymentPostprocessing = 0;
		};
		EA9192A724A8B0F700D8F292 /* Resources */ = {
			isa = PBXResourcesBuildPhase;
			buildActionMask = 2147483647;
			files = (
			);
			runOnlyForDeploymentPostprocessing = 0;
		};
/* End PBXResourcesBuildPhase section */

/* Begin PBXSourcesBuildPhase section */
		EA91928A24A8B0F700D8F292 /* Sources */ = {
			isa = PBXSourcesBuildPhase;
			buildActionMask = 2147483647;
			files = (
				EA9192B224A8B0F700D8F292 /* ContentView.swift in Sources */,
				EA9192C524A8B28100D8F292 /* MNIST.swift in Sources */,
				EA9192C824A8B35A00D8F292 /* DrawView.swift in Sources */,
				EA9192B024A8B0F700D8F292 /* MNIST_ComputeMLApp.swift in Sources */,
			);
			runOnlyForDeploymentPostprocessing = 0;
		};
		EA91929224A8B0F700D8F292 /* Sources */ = {
			isa = PBXSourcesBuildPhase;
			buildActionMask = 2147483647;
			files = (
				EA9192B324A8B0F700D8F292 /* ContentView.swift in Sources */,
				EA9192C624A8B28100D8F292 /* MNIST.swift in Sources */,
				EA9192C924A8B35A00D8F292 /* DrawView.swift in Sources */,
				EA9192B124A8B0F700D8F292 /* MNIST_ComputeMLApp.swift in Sources */,
			);
			runOnlyForDeploymentPostprocessing = 0;
		};
		EA91929A24A8B0F700D8F292 /* Sources */ = {
			isa = PBXSourcesBuildPhase;
			buildActionMask = 2147483647;
			files = (
				EA9192A324A8B0F700D8F292 /* Tests_iOS.swift in Sources */,
			);
			runOnlyForDeploymentPostprocessing = 0;
		};
		EA9192A524A8B0F700D8F292 /* Sources */ = {
			isa = PBXSourcesBuildPhase;
			buildActionMask = 2147483647;
			files = (
				EA9192AE24A8B0F700D8F292 /* Tests_macOS.swift in Sources */,
			);
			runOnlyForDeploymentPostprocessing = 0;
		};
/* End PBXSourcesBuildPhase section */

/* Begin PBXTargetDependency section */
		EA9192A024A8B0F700D8F292 /* PBXTargetDependency */ = {
			isa = PBXTargetDependency;
			target = EA91928D24A8B0F700D8F292 /* iOS */;
			targetProxy = EA91929F24A8B0F700D8F292 /* PBXContainerItemProxy */;
		};
		EA9192AB24A8B0F700D8F292 /* PBXTargetDependency */ = {
			isa = PBXTargetDependency;
			target = EA91929524A8B0F700D8F292 /* macOS */;
			targetProxy = EA9192AA24A8B0F700D8F292 /* PBXContainerItemProxy */;
		};
/* End PBXTargetDependency section */

/* Begin XCBuildConfiguration section */
		EA9192B624A8B0F700D8F292 /* Debug */ = {
			isa = XCBuildConfiguration;
			buildSettings = {
				ALWAYS_SEARCH_USER_PATHS = NO;
				CLANG_ANALYZER_NONNULL = YES;
				CLANG_ANALYZER_NUMBER_OBJECT_CONVERSION = YES_AGGRESSIVE;
				CLANG_CXX_LANGUAGE_STANDARD = "gnu++14";
				CLANG_CXX_LIBRARY = "libc++";
				CLANG_ENABLE_MODULES = YES;
				CLANG_ENABLE_OBJC_ARC = YES;
				CLANG_ENABLE_OBJC_WEAK = YES;
				CLANG_WARN_BLOCK_CAPTURE_AUTORELEASING = YES;
				CLANG_WARN_BOOL_CONVERSION = YES;
				CLANG_WARN_COMMA = YES;
				CLANG_WARN_CONSTANT_CONVERSION = YES;
				CLANG_WARN_DEPRECATED_OBJC_IMPLEMENTATIONS = YES;
				CLANG_WARN_DIRECT_OBJC_ISA_USAGE = YES_ERROR;
				CLANG_WARN_DOCUMENTATION_COMMENTS = YES;
				CLANG_WARN_EMPTY_BODY = YES;
				CLANG_WARN_ENUM_CONVERSION = YES;
				CLANG_WARN_INFINITE_RECURSION = YES;
				CLANG_WARN_INT_CONVERSION = YES;
				CLANG_WARN_NON_LITERAL_NULL_CONVERSION = YES;
				CLANG_WARN_OBJC_IMPLICIT_RETAIN_SELF = YES;
				CLANG_WARN_OBJC_LITERAL_CONVERSION = YES;
				CLANG_WARN_OBJC_ROOT_CLASS = YES_ERROR;
				CLANG_WARN_QUOTED_INCLUDE_IN_FRAMEWORK_HEADER = YES;
				CLANG_WARN_RANGE_LOOP_ANALYSIS = YES;
				CLANG_WARN_STRICT_PROTOTYPES = YES;
				CLANG_WARN_SUSPICIOUS_MOVE = YES;
				CLANG_WARN_UNGUARDED_AVAILABILITY = YES_AGGRESSIVE;
				CLANG_WARN_UNREACHABLE_CODE = YES;
				CLANG_WARN__DUPLICATE_METHOD_MATCH = YES;
				COPY_PHASE_STRIP = NO;
				DEBUG_INFORMATION_FORMAT = dwarf;
				ENABLE_STRICT_OBJC_MSGSEND = YES;
				ENABLE_TESTABILITY = YES;
				GCC_C_LANGUAGE_STANDARD = gnu11;
				GCC_DYNAMIC_NO_PIC = NO;
				GCC_NO_COMMON_BLOCKS = YES;
				GCC_OPTIMIZATION_LEVEL = 0;
				GCC_PREPROCESSOR_DEFINITIONS = (
					"DEBUG=1",
					"$(inherited)",
				);
				GCC_WARN_64_TO_32_BIT_CONVERSION = YES;
				GCC_WARN_ABOUT_RETURN_TYPE = YES_ERROR;
				GCC_WARN_UNDECLARED_SELECTOR = YES;
				GCC_WARN_UNINITIALIZED_AUTOS = YES_AGGRESSIVE;
				GCC_WARN_UNUSED_FUNCTION = YES;
				GCC_WARN_UNUSED_VARIABLE = YES;
				MTL_ENABLE_DEBUG_INFO = INCLUDE_SOURCE;
				MTL_FAST_MATH = YES;
				ONLY_ACTIVE_ARCH = YES;
				SWIFT_ACTIVE_COMPILATION_CONDITIONS = DEBUG;
				SWIFT_OPTIMIZATION_LEVEL = "-Onone";
			};
			name = Debug;
		};
		EA9192B724A8B0F700D8F292 /* Release */ = {
			isa = XCBuildConfiguration;
			buildSettings = {
				ALWAYS_SEARCH_USER_PATHS = NO;
				CLANG_ANALYZER_NONNULL = YES;
				CLANG_ANALYZER_NUMBER_OBJECT_CONVERSION = YES_AGGRESSIVE;
				CLANG_CXX_LANGUAGE_STANDARD = "gnu++14";
				CLANG_CXX_LIBRARY = "libc++";
				CLANG_ENABLE_MODULES = YES;
				CLANG_ENABLE_OBJC_ARC = YES;
				CLANG_ENABLE_OBJC_WEAK = YES;
				CLANG_WARN_BLOCK_CAPTURE_AUTORELEASING = YES;
				CLANG_WARN_BOOL_CONVERSION = YES;
				CLANG_WARN_COMMA = YES;
				CLANG_WARN_CONSTANT_CONVERSION = YES;
				CLANG_WARN_DEPRECATED_OBJC_IMPLEMENTATIONS = YES;
				CLANG_WARN_DIRECT_OBJC_ISA_USAGE = YES_ERROR;
				CLANG_WARN_DOCUMENTATION_COMMENTS = YES;
				CLANG_WARN_EMPTY_BODY = YES;
				CLANG_WARN_ENUM_CONVERSION = YES;
				CLANG_WARN_INFINITE_RECURSION = YES;
				CLANG_WARN_INT_CONVERSION = YES;
				CLANG_WARN_NON_LITERAL_NULL_CONVERSION = YES;
				CLANG_WARN_OBJC_IMPLICIT_RETAIN_SELF = YES;
				CLANG_WARN_OBJC_LITERAL_CONVERSION = YES;
				CLANG_WARN_OBJC_ROOT_CLASS = YES_ERROR;
				CLANG_WARN_QUOTED_INCLUDE_IN_FRAMEWORK_HEADER = YES;
				CLANG_WARN_RANGE_LOOP_ANALYSIS = YES;
				CLANG_WARN_STRICT_PROTOTYPES = YES;
				CLANG_WARN_SUSPICIOUS_MOVE = YES;
				CLANG_WARN_UNGUARDED_AVAILABILITY = YES_AGGRESSIVE;
				CLANG_WARN_UNREACHABLE_CODE = YES;
				CLANG_WARN__DUPLICATE_METHOD_MATCH = YES;
				COPY_PHASE_STRIP = NO;
				DEBUG_INFORMATION_FORMAT = "dwarf-with-dsym";
				ENABLE_NS_ASSERTIONS = NO;
				ENABLE_STRICT_OBJC_MSGSEND = YES;
				GCC_C_LANGUAGE_STANDARD = gnu11;
				GCC_NO_COMMON_BLOCKS = YES;
				GCC_WARN_64_TO_32_BIT_CONVERSION = YES;
				GCC_WARN_ABOUT_RETURN_TYPE = YES_ERROR;
				GCC_WARN_UNDECLARED_SELECTOR = YES;
				GCC_WARN_UNINITIALIZED_AUTOS = YES_AGGRESSIVE;
				GCC_WARN_UNUSED_FUNCTION = YES;
				GCC_WARN_UNUSED_VARIABLE = YES;
				MTL_ENABLE_DEBUG_INFO = NO;
				MTL_FAST_MATH = YES;
				SWIFT_COMPILATION_MODE = wholemodule;
				SWIFT_OPTIMIZATION_LEVEL = "-O";
			};
			name = Release;
		};
		EA9192B924A8B0F700D8F292 /* Debug */ = {
			isa = XCBuildConfiguration;
			buildSettings = {
				ASSETCATALOG_COMPILER_APPICON_NAME = AppIcon;
				ASSETCATALOG_COMPILER_GLOBAL_ACCENT_COLOR_NAME = AccentColor;
				CODE_SIGN_ENTITLEMENTS = "iOS/MNIST-ComputeML.entitlements";
				CODE_SIGN_STYLE = Automatic;
				DEVELOPMENT_TEAM = SV6W498A95;
				ENABLE_PREVIEWS = YES;
				INFOPLIST_FILE = iOS/Info.plist;
				IPHONEOS_DEPLOYMENT_TARGET = 14.0;
				LD_RUNPATH_SEARCH_PATHS = (
					"$(inherited)",
					"@executable_path/Frameworks",
				);
				PRODUCT_BUNDLE_IDENTIFIER = "com.jacopomangiavacchi.MNIST-ComputeML";
				PRODUCT_NAME = "MNIST-ComputeML";
				SDKROOT = iphoneos;
				SUPPORTS_MACCATALYST = YES;
				SWIFT_VERSION = 5.0;
				TARGETED_DEVICE_FAMILY = "1,2";
			};
			name = Debug;
		};
		EA9192BA24A8B0F700D8F292 /* Release */ = {
			isa = XCBuildConfiguration;
			buildSettings = {
				ASSETCATALOG_COMPILER_APPICON_NAME = AppIcon;
				ASSETCATALOG_COMPILER_GLOBAL_ACCENT_COLOR_NAME = AccentColor;
				CODE_SIGN_ENTITLEMENTS = "iOS/MNIST-ComputeML.entitlements";
				CODE_SIGN_STYLE = Automatic;
				DEVELOPMENT_TEAM = SV6W498A95;
				ENABLE_PREVIEWS = YES;
				INFOPLIST_FILE = iOS/Info.plist;
				IPHONEOS_DEPLOYMENT_TARGET = 14.0;
				LD_RUNPATH_SEARCH_PATHS = (
					"$(inherited)",
					"@executable_path/Frameworks",
				);
				PRODUCT_BUNDLE_IDENTIFIER = "com.jacopomangiavacchi.MNIST-ComputeML";
				PRODUCT_NAME = "MNIST-ComputeML";
				SDKROOT = iphoneos;
				SUPPORTS_MACCATALYST = YES;
				SWIFT_VERSION = 5.0;
				TARGETED_DEVICE_FAMILY = "1,2";
				VALIDATE_PRODUCT = YES;
			};
			name = Release;
		};
		EA9192BC24A8B0F700D8F292 /* Debug */ = {
			isa = XCBuildConfiguration;
			buildSettings = {
				ASSETCATALOG_COMPILER_APPICON_NAME = AppIcon;
				ASSETCATALOG_COMPILER_GLOBAL_ACCENT_COLOR_NAME = AccentColor;
				CODE_SIGN_ENTITLEMENTS = macOS/macOS.entitlements;
				CODE_SIGN_STYLE = Automatic;
				COMBINE_HIDPI_IMAGES = YES;
				DEVELOPMENT_TEAM = SV6W498A95;
				ENABLE_HARDENED_RUNTIME = YES;
				ENABLE_PREVIEWS = YES;
				INFOPLIST_FILE = macOS/Info.plist;
				LD_RUNPATH_SEARCH_PATHS = (
					"$(inherited)",
					"@executable_path/../Frameworks",
				);
				MACOSX_DEPLOYMENT_TARGET = 10.16;
				PRODUCT_BUNDLE_IDENTIFIER = "com.jacopomangiavacchi.MNIST-ComputeML";
				PRODUCT_NAME = "MNIST-ComputeML";
				SDKROOT = macosx;
				SWIFT_VERSION = 5.0;
			};
			name = Debug;
		};
		EA9192BD24A8B0F700D8F292 /* Release */ = {
			isa = XCBuildConfiguration;
			buildSettings = {
				ASSETCATALOG_COMPILER_APPICON_NAME = AppIcon;
				ASSETCATALOG_COMPILER_GLOBAL_ACCENT_COLOR_NAME = AccentColor;
				CODE_SIGN_ENTITLEMENTS = macOS/macOS.entitlements;
				CODE_SIGN_STYLE = Automatic;
				COMBINE_HIDPI_IMAGES = YES;
				DEVELOPMENT_TEAM = SV6W498A95;
				ENABLE_HARDENED_RUNTIME = YES;
				ENABLE_PREVIEWS = YES;
				INFOPLIST_FILE = macOS/Info.plist;
				LD_RUNPATH_SEARCH_PATHS = (
					"$(inherited)",
					"@executable_path/../Frameworks",
				);
				MACOSX_DEPLOYMENT_TARGET = 10.16;
				PRODUCT_BUNDLE_IDENTIFIER = "com.jacopomangiavacchi.MNIST-ComputeML";
				PRODUCT_NAME = "MNIST-ComputeML";
				SDKROOT = macosx;
				SWIFT_VERSION = 5.0;
			};
			name = Release;
		};
		EA9192BF24A8B0F700D8F292 /* Debug */ = {
			isa = XCBuildConfiguration;
			buildSettings = {
				ALWAYS_EMBED_SWIFT_STANDARD_LIBRARIES = YES;
				CODE_SIGN_STYLE = Automatic;
				DEVELOPMENT_TEAM = SV6W498A95;
				INFOPLIST_FILE = "Tests iOS/Info.plist";
				IPHONEOS_DEPLOYMENT_TARGET = 14.0;
				LD_RUNPATH_SEARCH_PATHS = (
					"$(inherited)",
					"@executable_path/Frameworks",
					"@loader_path/Frameworks",
				);
				PRODUCT_BUNDLE_IDENTIFIER = "com.jacopomangiavacchi.Tests-iOS";
				PRODUCT_NAME = "$(TARGET_NAME)";
				SDKROOT = iphoneos;
				SWIFT_VERSION = 5.0;
				TARGETED_DEVICE_FAMILY = "1,2";
				TEST_TARGET_NAME = iOS;
			};
			name = Debug;
		};
		EA9192C024A8B0F700D8F292 /* Release */ = {
			isa = XCBuildConfiguration;
			buildSettings = {
				ALWAYS_EMBED_SWIFT_STANDARD_LIBRARIES = YES;
				CODE_SIGN_STYLE = Automatic;
				DEVELOPMENT_TEAM = SV6W498A95;
				INFOPLIST_FILE = "Tests iOS/Info.plist";
				IPHONEOS_DEPLOYMENT_TARGET = 14.0;
				LD_RUNPATH_SEARCH_PATHS = (
					"$(inherited)",
					"@executable_path/Frameworks",
					"@loader_path/Frameworks",
				);
				PRODUCT_BUNDLE_IDENTIFIER = "com.jacopomangiavacchi.Tests-iOS";
				PRODUCT_NAME = "$(TARGET_NAME)";
				SDKROOT = iphoneos;
				SWIFT_VERSION = 5.0;
				TARGETED_DEVICE_FAMILY = "1,2";
				TEST_TARGET_NAME = iOS;
				VALIDATE_PRODUCT = YES;
			};
			name = Release;
		};
		EA9192C224A8B0F700D8F292 /* Debug */ = {
			isa = XCBuildConfiguration;
			buildSettings = {
				ALWAYS_EMBED_SWIFT_STANDARD_LIBRARIES = YES;
				CODE_SIGN_STYLE = Automatic;
				COMBINE_HIDPI_IMAGES = YES;
				DEVELOPMENT_TEAM = SV6W498A95;
				INFOPLIST_FILE = "Tests macOS/Info.plist";
				LD_RUNPATH_SEARCH_PATHS = (
					"$(inherited)",
					"@executable_path/../Frameworks",
					"@loader_path/../Frameworks",
				);
				MACOSX_DEPLOYMENT_TARGET = 10.16;
				PRODUCT_BUNDLE_IDENTIFIER = "com.jacopomangiavacchi.Tests-macOS";
				PRODUCT_NAME = "$(TARGET_NAME)";
				SDKROOT = macosx;
				SWIFT_VERSION = 5.0;
				TEST_TARGET_NAME = macOS;
			};
			name = Debug;
		};
		EA9192C324A8B0F700D8F292 /* Release */ = {
			isa = XCBuildConfiguration;
			buildSettings = {
				ALWAYS_EMBED_SWIFT_STANDARD_LIBRARIES = YES;
				CODE_SIGN_STYLE = Automatic;
				COMBINE_HIDPI_IMAGES = YES;
				DEVELOPMENT_TEAM = SV6W498A95;
				INFOPLIST_FILE = "Tests macOS/Info.plist";
				LD_RUNPATH_SEARCH_PATHS = (
					"$(inherited)",
					"@executable_path/../Frameworks",
					"@loader_path/../Frameworks",
				);
				MACOSX_DEPLOYMENT_TARGET = 10.16;
				PRODUCT_BUNDLE_IDENTIFIER = "com.jacopomangiavacchi.Tests-macOS";
				PRODUCT_NAME = "$(TARGET_NAME)";
				SDKROOT = macosx;
				SWIFT_VERSION = 5.0;
				TEST_TARGET_NAME = macOS;
			};
			name = Release;
		};
/* End XCBuildConfiguration section */

/* Begin XCConfigurationList section */
		EA91928524A8B0F500D8F292 /* Build configuration list for PBXProject "MNIST-ComputeML" */ = {
			isa = XCConfigurationList;
			buildConfigurations = (
				EA9192B624A8B0F700D8F292 /* Debug */,
				EA9192B724A8B0F700D8F292 /* Release */,
			);
			defaultConfigurationIsVisible = 0;
			defaultConfigurationName = Release;
		};
		EA9192B824A8B0F700D8F292 /* Build configuration list for PBXNativeTarget "iOS" */ = {
			isa = XCConfigurationList;
			buildConfigurations = (
				EA9192B924A8B0F700D8F292 /* Debug */,
				EA9192BA24A8B0F700D8F292 /* Release */,
			);
			defaultConfigurationIsVisible = 0;
			defaultConfigurationName = Release;
		};
		EA9192BB24A8B0F700D8F292 /* Build configuration list for PBXNativeTarget "macOS" */ = {
			isa = XCConfigurationList;
			buildConfigurations = (
				EA9192BC24A8B0F700D8F292 /* Debug */,
				EA9192BD24A8B0F700D8F292 /* Release */,
			);
			defaultConfigurationIsVisible = 0;
			defaultConfigurationName = Release;
		};
		EA9192BE24A8B0F700D8F292 /* Build configuration list for PBXNativeTarget "Tests iOS" */ = {
			isa = XCConfigurationList;
			buildConfigurations = (
				EA9192BF24A8B0F700D8F292 /* Debug */,
				EA9192C024A8B0F700D8F292 /* Release */,
			);
			defaultConfigurationIsVisible = 0;
			defaultConfigurationName = Release;
		};
		EA9192C124A8B0F700D8F292 /* Build configuration list for PBXNativeTarget "Tests macOS" */ = {
			isa = XCConfigurationList;
			buildConfigurations = (
				EA9192C224A8B0F700D8F292 /* Debug */,
				EA9192C324A8B0F700D8F292 /* Release */,
			);
			defaultConfigurationIsVisible = 0;
			defaultConfigurationName = Release;
		};
/* End XCConfigurationList section */
	};
	rootObject = EA91928224A8B0F500D8F292 /* Project object */;
}
